
Microsoft Visual Studio Solution File, Format Version 12.00
# Visual Studio Version 17
VisualStudioVersion = 17.13.35806.99
MinimumVisualStudioVersion = 10.0.40219.1
Project("{FAE04EC0-301F-11D3-BF4B-00C04F79EFBC}") = "CapaPresentacionAdmin", "CapaPresentacionAdmin\CapaPresentacionAdmin.csproj", "{9C419370-F972-4963-BD24-0BF7E55F42B9}"
EndProject
Project("{FAE04EC0-301F-11D3-BF4B-00C04F79EFBC}") = "CapaPresentacionTienda", "CapaPresentacionTienda\CapaPresentacionTienda.csproj", "{E783FB0E-597E-4C67-9218-76CC7F1042AE}"
EndProject
Project("{FAE04EC0-301F-11D3-BF4B-00C04F79EFBC}") = "CapaDatos", "CapaDatos\CapaDatos.csproj", "{405FF4BA-F5B3-4E34-BA31-F1D1B1847778}"
EndProject
Project("{FAE04EC0-301F-11D3-BF4B-00C04F79EFBC}") = "CapaEntidad", "CapaEntidad\CapaEntidad.csproj", "{F8B0876A-346B-402D-AC60-A36279E28255}"
EndProject
Project("{FAE04EC0-301F-11D3-BF4B-00C04F79EFBC}") = "CapaNegocio", "CapaNegocio\CapaNegocio.csproj", "{4D494A13-703C-440A-A554-6BA161FE7B8A}"
EndProject
Global
	GlobalSection(SolutionConfigurationPlatforms) = preSolution
		Debug|Any CPU = Debug|Any CPU
		Release|Any CPU = Release|Any CPU
	EndGlobalSection
	GlobalSection(ProjectConfigurationPlatforms) = postSolution
		{9C419370-F972-4963-BD24-0BF7E55F42B9}.Debug|Any CPU.ActiveCfg = Debug|Any CPU
		{9C419370-F972-4963-BD24-0BF7E55F42B9}.Debug|Any CPU.Build.0 = Debug|Any CPU
		{9C419370-F972-4963-BD24-0BF7E55F42B9}.Release|Any CPU.ActiveCfg = Release|Any CPU
		{9C419370-F972-4963-BD24-0BF7E55F42B9}.Release|Any CPU.Build.0 = Release|Any CPU
		{E783FB0E-597E-4C67-9218-76CC7F1042AE}.Debug|Any CPU.ActiveCfg = Debug|Any CPU
		{E783FB0E-597E-4C67-9218-76CC7F1042AE}.Debug|Any CPU.Build.0 = Debug|Any CPU
		{E783FB0E-597E-4C67-9218-76CC7F1042AE}.Release|Any CPU.ActiveCfg = Release|Any CPU
		{E783FB0E-597E-4C67-9218-76CC7F1042AE}.Release|Any CPU.Build.0 = Release|Any CPU
		{405FF4BA-F5B3-4E34-BA31-F1D1B1847778}.Debug|Any CPU.ActiveCfg = Debug|Any CPU
		{405FF4BA-F5B3-4E34-BA31-F1D1B1847778}.Debug|Any CPU.Build.0 = Debug|Any CPU
		{405FF4BA-F5B3-4E34-BA31-F1D1B1847778}.Release|Any CPU.ActiveCfg = Release|Any CPU
		{405FF4BA-F5B3-4E34-BA31-F1D1B1847778}.Release|Any CPU.Build.0 = Release|Any CPU
		{F8B0876A-346B-402D-AC60-A36279E28255}.Debug|Any CPU.ActiveCfg = Debug|Any CPU
		{F8B0876A-346B-402D-AC60-A36279E28255}.Debug|Any CPU.Build.0 = Debug|Any CPU
		{F8B0876A-346B-402D-AC60-A36279E28255}.Release|Any CPU.ActiveCfg = Release|Any CPU
		{F8B0876A-346B-402D-AC60-A36279E28255}.Release|Any CPU.Build.0 = Release|Any CPU
		{4D494A13-703C-440A-A554-6BA161FE7B8A}.Debug|Any CPU.ActiveCfg = Debug|Any CPU
		{4D494A13-703C-440A-A554-6BA161FE7B8A}.Debug|Any CPU.Build.0 = Debug|Any CPU
		{4D494A13-703C-440A-A554-6BA161FE7B8A}.Release|Any CPU.ActiveCfg = Release|Any CPU
		{4D494A13-703C-440A-A554-6BA161FE7B8A}.Release|Any CPU.Build.0 = Release|Any CPU
	EndGlobalSection
	GlobalSection(SolutionProperties) = preSolution
		HideSolutionNode = FALSE
	EndGlobalSection
	GlobalSection(ExtensibilityGlobals) = postSolution
		SolutionGuid = {F0E612F4-5907-4215-B19E-7A8637B6E3E6}
	EndGlobalSection
EndGlobal
